camlistore.org v0.0.0-20160809170923-ab25a2c2fc4c/go.mod h1:mzAP6ICVzPdfO0f3N9hAVWhO7qplHF7mbFhGsGdErTI=
cloud.google.com/go v0.1.1-0.20160812014918-9696460acdaa/go.mod h1:aQUYkXzVsufM+DwF1aE+0xfcU+56JwCaLick0ClmMTw=
github.com/Sirupsen/logrus v0.10.1-0.20160716025631-a283a10442df h1:Wa6YAAs7fcxp/J3UnnYtubJiQSEXXQ7Ofb0DZo4c90g=
github.com/Sirupsen/logrus v0.10.1-0.20160716025631-a283a10442df/go.mod h1:rmk17hk6i8ZSAJkSDa7nOxamrG+SP4P0mm+DAvExv4U=
github.com/golang/glog v0.0.0-20160126235308-23def4e6c14b/go.mod h1:SBH7ygxi8pfUlaOkMMuAQtPIUF8ecWP5IEl/CR7VP2Q=
github.com/golang/protobuf v0.0.0-20160809165232-2c1988e8c18d/go.mod h1:6lQm79b+lXiMfvg/cZm0SGofjICqVBUtrP5yJMmIC1U=
github.com/google/go-github v2.0.1-0.20160802180827-56add9d4071b+incompatible h1:PlECWXLDG0ATwnaEyxxzi6/A+6SkyzR+ITAIZh415Qo=
github.com/google/go-github v2.0.1-0.20160802180827-56add9d4071b+incompatible/go.mod h1:zLgOLi98H3fifZn+44m+umXrS52loVEgC2AApnigrVQ=
github.com/google/go-querystring v0.0.0-20160401233042-9235644dd9e5 h1:oERTZ1buOUYlpmKaqlO5fYmz8cZ1rYu5DieJzF4ZVmU=
github.com/google/go-querystring v0.0.0-20160401233042-9235644dd9e5/go.mod h1:odCYkC5MyYFN7vkCjXpyrEuKhc/BUO6wN/zVPAxq5ck=
go4.org v0.0.0-20160724025231-401618586120/go.mod h1:MkTOUMDaeVYJUOUsaDXIhWPZYa1yOyC1qaOBpL57BhE=
golang.org/x/crypto v0.0.0-20160811152348-595bbbd7f5f3/go.mod h1:6SG95UA2DQfeDnfUPMdvaQW0Q7yPrPDi9nlGo2tz2b4=
golang.org/x/net v0.0.0-20160811235142-07b51741c1d6 h1:A/+8dHDavelB1CB3VF5cdxIxpkWlH8s5s2jzTXi2pM4=
golang.org/x/net v0.0.0-20160811235142-07b51741c1d6/go.mod h1:mL1N/T3taQHkDXs73rZJwtUhF3w3ftmwwsq0BUmARs4=
golang.org/x/oauth2 v0.0.0-20160810173516-4784bb855e56 h1:HiiJye4gG8Fcv2Y07oKLC/LLoWZ2DWq9d/hBK0B+aSY=
golang.org/x/oauth2 v0.0.0-20160810173516-4784bb855e56/go.mod h1:N/0e6XlmueqKjAGxoOufVs8QHGRruUQn6yWY3a++T0U=
golang.org/x/sys v0.0.0-20160717071931-a646d33e2ee3/go.mod h1:STP8DvDyc/dI5b8T5hshtkjS+E42TnysNCUPdjciGhY=
google.golang.org/api v0.0.0-20160810043504-8ae9b02432fd/go.mod h1:4mhQ8q/RsB7i+udVvVy5NUi08OU8ZlA0gRVgrF7VFY0=
google.golang.org/appengine v0.0.0-20160810205538-e951d3868b37/go.mod h1:EbEs0AVv82hx2wNQdGPgUI5lhzA/G0D9YwlJXL52JkM=
google.golang.org/grpc v1.0.1-0.20160811170511-c2c110d5cf95/go.mod h1:yo6s7OP7yaDglbqo1J04qKzAhqBH6lvTonzMVmEdcZw=
gopkg.in/airbrake/gobrake.v2 v2.0.6/go.mod h1:/h5ZAUhDkGaJfjzjKLSjv6zCL6O0LLBxU4K+aSYdM/U=
gopkg.in/gemnasium/logrus-airbrake-hook.v2 v2.0.0/go.mod h1:Xk6kEKp8OKb+X14hQBKWaSkCsqBpgog8nAV2xsGOxlo=
