# This file is autogenerated, do not edit; changes may be undone by the next 'dep ensure'.


[[projects]]
  digest = "1:f159aa3f8ffd4167ce18a49182c22bc80765fbc7b0abbf5e38e054dffc2ea454"
  name = "github.com/Sirupsen/logrus"
  packages = ["."]
  pruneopts = "UT"
  revision = "a283a10442df8dc09befd873fab202bf8a253d6a"

[[projects]]
  digest = "1:1f42115e0f083254cec7e1f7addabdd46763ffa77bfd78c24d35c39774a53446"
  name = "github.com/golang/protobuf"
  packages = ["proto"]
  pruneopts = "UT"
  revision = "2c1988e8c18d14b142c0b472624f71647cf39adb"

[[projects]]
  digest = "1:2a3daf94c7d687cca30b055dad9039f4633642279641d43268f35d9472d95a42"
  name = "github.com/google/go-github"
  packages = ["github"]
  pruneopts = "UT"
  revision = "56add9d4071bb1a06003a1239ebbc1500692b55d"

[[projects]]
  digest = "1:0462ed1f3f429a22f99e78a717262e7a02bf9c9b212ea2d66664532a8d73b406"
  name = "github.com/google/go-querystring"
  packages = ["query"]
  pruneopts = "UT"
  revision = "9235644dd9e52eeae6fa48efd539fdc351a0af53"

[[projects]]
  digest = "1:041166c169a282ba0a651bf107ac5395fef8b98fdca38cb3e4ed4cac15761c56"
  name = "golang.org/x/net"
  packages = ["context"]
  pruneopts = "UT"
  revision = "07b51741c1d6423d4a6abab1c49940ec09cb1aaf"

[[projects]]
  digest = "1:9438c03d220ed3629e3bb96685307686c710116e1c1233ee1cb6b66fb650b32b"
  name = "golang.org/x/oauth2"
  packages = [
    ".",
    "internal",
  ]
  pruneopts = "UT"
  revision = "4784bb855e56a530f1ce5d788959359ed6cb4a16"

[[projects]]
  digest = "1:e16c53d2592b2ba64d1a6da684a952bdff8815ed8b901b220fe875864b664643"
  name = "golang.org/x/sys"
  packages = ["unix"]
  pruneopts = "UT"
  revision = "a646d33e2ee3172a661fc09bca23bb4889a41bc8"

[[projects]]
  digest = "1:9cf45e754ab2dff5f53a553e6948b994ff738e4d1092ca608dcada945d8be0ef"
  name = "google.golang.org/appengine"
  packages = [
    "internal",
    "internal/base",
    "internal/datastore",
    "internal/log",
    "internal/remote_api",
    "internal/urlfetch",
    "urlfetch",
  ]
  pruneopts = "UT"
  revision = "e951d3868b377b14f4e60efa3a301532ee3c1ebf"

[solve-meta]
  analyzer-name = "dep"
  analyzer-version = 1
  input-imports = [
    "github.com/Sirupsen/logrus",
    "github.com/google/go-github/github",
    "golang.org/x/oauth2",
  ]
  solver-name = "gps-cdcl"
  solver-version = 1
